
Microsoft Visual Studio Solution File, Format Version 12.00
# Visual Studio Version 17
VisualStudioVersion = 17.3.32804.467
MinimumVisualStudioVersion = 10.0.40219.1
Project("{FAE04EC0-301F-11D3-BF4B-00C04F79EFBC}") = "NetherHeight", "NetherHeight\NetherHeight.csproj", "{CEA404BB-551E-4183-9F00-05C3BF5B10F9}"
EndProject
Global
	GlobalSection(SolutionConfigurationPlatforms) = preSolution
		Debug|Any CPU = Debug|Any CPU
		Release|Any CPU = Release|Any CPU
	EndGlobalSection
	GlobalSection(ProjectConfigurationPlatforms) = postSolution
		{CEA404BB-551E-4183-9F00-05C3BF5B10F9}.Debug|Any CPU.ActiveCfg = Debug|Any CPU
		{CEA404BB-551E-4183-9F00-05C3BF5B10F9}.Debug|Any CPU.Build.0 = Debug|Any CPU
		{CEA404BB-551E-4183-9F00-05C3BF5B10F9}.Release|Any CPU.ActiveCfg = Release|Any CPU
		{CEA404BB-551E-4183-9F00-05C3BF5B10F9}.Release|Any CPU.Build.0 = Release|Any CPU
	EndGlobalSection
	GlobalSection(SolutionProperties) = preSolution
		HideSolutionNode = FALSE
	EndGlobalSection
	GlobalSection(ExtensibilityGlobals) = postSolution
		SolutionGuid = {BEFD7A31-A685-4E4A-8DAD-79E3EF8C44E3}
	EndGlobalSection
EndGlobal
